
Microsoft Visual Studio Solution File, Format Version 12.00
# Visual Studio Version 16
VisualStudioVersion = 16.0.30413.136
MinimumVisualStudioVersion = 10.0.40219.1
Project("{9A19103F-16F7-4668-BE54-9A1E7A4F7556}") = "API", "API\API.csproj", "{CE2E897C-B5FC-4CE2-807A-0DD0B2362E97}"
EndProject
Project("{9A19103F-16F7-4668-BE54-9A1E7A4F7556}") = "InfrastructureEF", "InfrastructureEF\InfrastructureEF.csproj", "{00C81B4F-0E26-4203-9EC8-187CBC2E3CF0}"
EndProject
Project("{9A19103F-16F7-4668-BE54-9A1E7A4F7556}") = "Domain", "Domain\Domain.csproj", "{052477FB-C3D8-4971-AE92-6AEC8CFB33BA}"
EndProject
Project("{2150E333-8FDC-42A3-9474-1A3956D46DE8}") = "Tests", "Tests", "{7EAB3CBF-80F0-44D0-BBDD-DC2F3C5816A2}"
EndProject
Project("{2150E333-8FDC-42A3-9474-1A3956D46DE8}") = "Unitary", "Unitary", "{9C7D39C3-EDDD-4772-A9E9-74DC150624D1}"
EndProject
Project("{9A19103F-16F7-4668-BE54-9A1E7A4F7556}") = "DomainUnitTest", "DomainUnitTest\DomainUnitTest.csproj", "{EC0C6401-0B7B-4D2A-A70C-4CFBAECE83DC}"
EndProject
Project("{9A19103F-16F7-4668-BE54-9A1E7A4F7556}") = "ServiceLayer", "ServiceLayer\ServiceLayer.csproj", "{BC38DCB9-661D-4BD1-8C8E-E63832ADF8D0}"
EndProject
Project("{9A19103F-16F7-4668-BE54-9A1E7A4F7556}") = "ServiceLayerUnitTest", "ServiceLayerUnitTest\ServiceLayerUnitTest.csproj", "{C0878F18-D69F-4E38-909C-46916DFBB7A6}"
EndProject
Project("{2150E333-8FDC-42A3-9474-1A3956D46DE8}") = "Integration", "Integration", "{39DE11F8-E79C-44F7-92D6-844AA90D4701}"
EndProject
Project("{FAE04EC0-301F-11D3-BF4B-00C04F79EFBC}") = "APIIntegrationTest", "APIIntegrationTest\APIIntegrationTest.csproj", "{3C36E510-F655-4352-8EB2-69FC60BBDA7A}"
EndProject
Global
	GlobalSection(SolutionConfigurationPlatforms) = preSolution
		Debug|Any CPU = Debug|Any CPU
		Release|Any CPU = Release|Any CPU
	EndGlobalSection
	GlobalSection(ProjectConfigurationPlatforms) = postSolution
		{CE2E897C-B5FC-4CE2-807A-0DD0B2362E97}.Debug|Any CPU.ActiveCfg = Debug|Any CPU
		{CE2E897C-B5FC-4CE2-807A-0DD0B2362E97}.Debug|Any CPU.Build.0 = Debug|Any CPU
		{CE2E897C-B5FC-4CE2-807A-0DD0B2362E97}.Release|Any CPU.ActiveCfg = Release|Any CPU
		{CE2E897C-B5FC-4CE2-807A-0DD0B2362E97}.Release|Any CPU.Build.0 = Release|Any CPU
		{00C81B4F-0E26-4203-9EC8-187CBC2E3CF0}.Debug|Any CPU.ActiveCfg = Debug|Any CPU
		{00C81B4F-0E26-4203-9EC8-187CBC2E3CF0}.Debug|Any CPU.Build.0 = Debug|Any CPU
		{00C81B4F-0E26-4203-9EC8-187CBC2E3CF0}.Release|Any CPU.ActiveCfg = Release|Any CPU
		{00C81B4F-0E26-4203-9EC8-187CBC2E3CF0}.Release|Any CPU.Build.0 = Release|Any CPU
		{052477FB-C3D8-4971-AE92-6AEC8CFB33BA}.Debug|Any CPU.ActiveCfg = Debug|Any CPU
		{052477FB-C3D8-4971-AE92-6AEC8CFB33BA}.Debug|Any CPU.Build.0 = Debug|Any CPU
		{052477FB-C3D8-4971-AE92-6AEC8CFB33BA}.Release|Any CPU.ActiveCfg = Release|Any CPU
		{052477FB-C3D8-4971-AE92-6AEC8CFB33BA}.Release|Any CPU.Build.0 = Release|Any CPU
		{EC0C6401-0B7B-4D2A-A70C-4CFBAECE83DC}.Debug|Any CPU.ActiveCfg = Debug|Any CPU
		{EC0C6401-0B7B-4D2A-A70C-4CFBAECE83DC}.Debug|Any CPU.Build.0 = Debug|Any CPU
		{EC0C6401-0B7B-4D2A-A70C-4CFBAECE83DC}.Release|Any CPU.ActiveCfg = Release|Any CPU
		{EC0C6401-0B7B-4D2A-A70C-4CFBAECE83DC}.Release|Any CPU.Build.0 = Release|Any CPU
		{BC38DCB9-661D-4BD1-8C8E-E63832ADF8D0}.Debug|Any CPU.ActiveCfg = Debug|Any CPU
		{BC38DCB9-661D-4BD1-8C8E-E63832ADF8D0}.Debug|Any CPU.Build.0 = Debug|Any CPU
		{BC38DCB9-661D-4BD1-8C8E-E63832ADF8D0}.Release|Any CPU.ActiveCfg = Release|Any CPU
		{BC38DCB9-661D-4BD1-8C8E-E63832ADF8D0}.Release|Any CPU.Build.0 = Release|Any CPU
		{C0878F18-D69F-4E38-909C-46916DFBB7A6}.Debug|Any CPU.ActiveCfg = Debug|Any CPU
		{C0878F18-D69F-4E38-909C-46916DFBB7A6}.Debug|Any CPU.Build.0 = Debug|Any CPU
		{C0878F18-D69F-4E38-909C-46916DFBB7A6}.Release|Any CPU.ActiveCfg = Release|Any CPU
		{C0878F18-D69F-4E38-909C-46916DFBB7A6}.Release|Any CPU.Build.0 = Release|Any CPU
		{3C36E510-F655-4352-8EB2-69FC60BBDA7A}.Debug|Any CPU.ActiveCfg = Debug|Any CPU
		{3C36E510-F655-4352-8EB2-69FC60BBDA7A}.Debug|Any CPU.Build.0 = Debug|Any CPU
		{3C36E510-F655-4352-8EB2-69FC60BBDA7A}.Release|Any CPU.ActiveCfg = Release|Any CPU
		{3C36E510-F655-4352-8EB2-69FC60BBDA7A}.Release|Any CPU.Build.0 = Release|Any CPU
	EndGlobalSection
	GlobalSection(SolutionProperties) = preSolution
		HideSolutionNode = FALSE
	EndGlobalSection
	GlobalSection(NestedProjects) = preSolution
		{9C7D39C3-EDDD-4772-A9E9-74DC150624D1} = {7EAB3CBF-80F0-44D0-BBDD-DC2F3C5816A2}
		{EC0C6401-0B7B-4D2A-A70C-4CFBAECE83DC} = {9C7D39C3-EDDD-4772-A9E9-74DC150624D1}
		{C0878F18-D69F-4E38-909C-46916DFBB7A6} = {9C7D39C3-EDDD-4772-A9E9-74DC150624D1}
		{39DE11F8-E79C-44F7-92D6-844AA90D4701} = {7EAB3CBF-80F0-44D0-BBDD-DC2F3C5816A2}
		{3C36E510-F655-4352-8EB2-69FC60BBDA7A} = {39DE11F8-E79C-44F7-92D6-844AA90D4701}
	EndGlobalSection
	GlobalSection(ExtensibilityGlobals) = postSolution
		SolutionGuid = {161FCFBD-A10A-460E-AC5A-4822A4F618CB}
	EndGlobalSection
EndGlobal
